
Microsoft Visual Studio Solution File, Format Version 12.00
# Visual Studio Version 17
VisualStudioVersion = 17.1.32407.343
MinimumVisualStudioVersion = 10.0.40219.1
Project("{2150E333-8FDC-42A3-9474-1A3956D46DE8}") = "src", "src", "{DD560550-8DF5-41E1-99AF-724EABD96778}"
EndProject
Project("{2150E333-8FDC-42A3-9474-1A3956D46DE8}") = "Services", "Services", "{89EE88BB-B23F-43C3-B4EF-38CB066DA697}"
EndProject
Project("{9A19103F-16F7-4668-BE54-9A1E7A4F7556}") = "CustomerService", "src\Services\CustomerService\CustomerService.csproj", "{6A5EE6EA-EB17-459E-9C1E-57814A06AACC}"
EndProject
Project("{9A19103F-16F7-4668-BE54-9A1E7A4F7556}") = "JobRequisition", "src\Services\JobRequisition\JobRequisition.csproj", "{CFE0484B-A2DF-43AC-B355-F36E1D9D6AB6}"
EndProject
Project("{9A19103F-16F7-4668-BE54-9A1E7A4F7556}") = "ApplicantService", "src\Services\ApplicantService\ApplicantService.csproj", "{BB289CC0-BEA3-43F0-BE63-598F73ACDFB8}"
EndProject
Project("{2150E333-8FDC-42A3-9474-1A3956D46DE8}") = "APIGateways", "APIGateways", "{33586593-67F3-4608-A839-2DB45249D26E}"
EndProject
Project("{9A19103F-16F7-4668-BE54-9A1E7A4F7556}") = "APIGateway.Web", "src\APIGateways\APIGateway.Web\APIGateway.Web.csproj", "{A9407E2C-A144-409E-B96B-46A49852C9FA}"
EndProject
Project("{9A19103F-16F7-4668-BE54-9A1E7A4F7556}") = "MessageModel", "src\Services\MessageModel\MessageModel.csproj", "{4FA8B3F7-6AE3-45BE-AB68-5C81D126A4FD}"
EndProject
Project("{9A19103F-16F7-4668-BE54-9A1E7A4F7556}") = "EmployeeService", "src\Services\EmployeeService\EmployeeService.csproj", "{6BF339E4-951C-4533-BF08-89E605A5D2F2}"
EndProject
Project("{9A19103F-16F7-4668-BE54-9A1E7A4F7556}") = "ContentService", "src\Services\ContentService\ContentService.csproj", "{05BF2E03-8CDB-4AA1-815A-C44CCFDDDA74}"
EndProject
Project("{9A19103F-16F7-4668-BE54-9A1E7A4F7556}") = "AuthService", "src\Services\AuthService\AuthService.csproj", "{BFE2FB25-C0CD-451C-A081-40C3A38C66BC}"
EndProject
Project("{2150E333-8FDC-42A3-9474-1A3956D46DE8}") = "Shared", "Shared", "{CC2CAD65-F191-44DD-94D3-278757C3735E}"
EndProject
Project("{9A19103F-16F7-4668-BE54-9A1E7A4F7556}") = "Service.Shared.Data", "src\Shared\Service.Shared.Data\Service.Shared.Data.csproj", "{E14F8D2A-DA5B-4D42-92CB-17E680193634}"
EndProject
Project("{9A19103F-16F7-4668-BE54-9A1E7A4F7556}") = "Service.Shared.ExceptionHelper", "src\Shared\Service.Shared.ExceptionHelper\Service.Shared.ExceptionHelper.csproj", "{FEDF8726-7CFA-4264-BF6F-AFED93EF3DE7}"
EndProject
Project("{9A19103F-16F7-4668-BE54-9A1E7A4F7556}") = "Service.Shared.Model", "src\Shared\Service.Shared.Model\Service.Shared.Model.csproj", "{FBBFEA64-A912-4AD7-91D8-B9F6FC1CD609}"
EndProject
Project("{9A19103F-16F7-4668-BE54-9A1E7A4F7556}") = "Service.Shared.Processor", "src\Shared\Service.Shared.Processor\Service.Shared.Processor.csproj", "{BDE3E629-197C-40FF-95E2-FE1A5353D8AF}"
EndProject
Project("{9A19103F-16F7-4668-BE54-9A1E7A4F7556}") = "Service.Shared.ChargeBee", "Shared\Service.Shared.ChargeBee\Service.Shared.ChargeBee.csproj", "{A43F9741-3150-48EE-B19C-751593ED13E9}"
EndProject
Project("{2150E333-8FDC-42A3-9474-1A3956D46DE8}") = "Solution Items", "Solution Items", "{E7B27231-9DD2-4338-B67D-04F107B455DE}"
	ProjectSection(SolutionItems) = preProject
		docker-compose.yml = docker-compose.yml
	EndProjectSection
EndProject
Project("{9A19103F-16F7-4668-BE54-9A1E7A4F7556}") = "AuthServiceModels", "AuthServiceModels\AuthServiceModels.csproj", "{5CC179C8-CF19-40BF-90B8-C76C7CDDC54F}"
EndProject
Project("{FAE04EC0-301F-11D3-BF4B-00C04F79EFBC}") = "BlobService", "BlobService\BlobService.csproj", "{A579C829-B9FC-43BC-9F22-F978D0A797BE}"
EndProject
Global
	GlobalSection(SolutionConfigurationPlatforms) = preSolution
		Debug|Any CPU = Debug|Any CPU
		Release|Any CPU = Release|Any CPU
	EndGlobalSection
	GlobalSection(ProjectConfigurationPlatforms) = postSolution
		{6A5EE6EA-EB17-459E-9C1E-57814A06AACC}.Debug|Any CPU.ActiveCfg = Debug|Any CPU
		{6A5EE6EA-EB17-459E-9C1E-57814A06AACC}.Debug|Any CPU.Build.0 = Debug|Any CPU
		{6A5EE6EA-EB17-459E-9C1E-57814A06AACC}.Release|Any CPU.ActiveCfg = Release|Any CPU
		{6A5EE6EA-EB17-459E-9C1E-57814A06AACC}.Release|Any CPU.Build.0 = Release|Any CPU
		{CFE0484B-A2DF-43AC-B355-F36E1D9D6AB6}.Debug|Any CPU.ActiveCfg = Debug|Any CPU
		{CFE0484B-A2DF-43AC-B355-F36E1D9D6AB6}.Debug|Any CPU.Build.0 = Debug|Any CPU
		{CFE0484B-A2DF-43AC-B355-F36E1D9D6AB6}.Release|Any CPU.ActiveCfg = Release|Any CPU
		{CFE0484B-A2DF-43AC-B355-F36E1D9D6AB6}.Release|Any CPU.Build.0 = Release|Any CPU
		{BB289CC0-BEA3-43F0-BE63-598F73ACDFB8}.Debug|Any CPU.ActiveCfg = Debug|Any CPU
		{BB289CC0-BEA3-43F0-BE63-598F73ACDFB8}.Debug|Any CPU.Build.0 = Debug|Any CPU
		{BB289CC0-BEA3-43F0-BE63-598F73ACDFB8}.Release|Any CPU.ActiveCfg = Release|Any CPU
		{BB289CC0-BEA3-43F0-BE63-598F73ACDFB8}.Release|Any CPU.Build.0 = Release|Any CPU
		{A9407E2C-A144-409E-B96B-46A49852C9FA}.Debug|Any CPU.ActiveCfg = Debug|Any CPU
		{A9407E2C-A144-409E-B96B-46A49852C9FA}.Debug|Any CPU.Build.0 = Debug|Any CPU
		{A9407E2C-A144-409E-B96B-46A49852C9FA}.Release|Any CPU.ActiveCfg = Release|Any CPU
		{A9407E2C-A144-409E-B96B-46A49852C9FA}.Release|Any CPU.Build.0 = Release|Any CPU
		{4FA8B3F7-6AE3-45BE-AB68-5C81D126A4FD}.Debug|Any CPU.ActiveCfg = Debug|Any CPU
		{4FA8B3F7-6AE3-45BE-AB68-5C81D126A4FD}.Debug|Any CPU.Build.0 = Debug|Any CPU
		{4FA8B3F7-6AE3-45BE-AB68-5C81D126A4FD}.Release|Any CPU.ActiveCfg = Release|Any CPU
		{4FA8B3F7-6AE3-45BE-AB68-5C81D126A4FD}.Release|Any CPU.Build.0 = Release|Any CPU
		{6BF339E4-951C-4533-BF08-89E605A5D2F2}.Debug|Any CPU.ActiveCfg = Debug|Any CPU
		{6BF339E4-951C-4533-BF08-89E605A5D2F2}.Debug|Any CPU.Build.0 = Debug|Any CPU
		{6BF339E4-951C-4533-BF08-89E605A5D2F2}.Release|Any CPU.ActiveCfg = Release|Any CPU
		{6BF339E4-951C-4533-BF08-89E605A5D2F2}.Release|Any CPU.Build.0 = Release|Any CPU
		{05BF2E03-8CDB-4AA1-815A-C44CCFDDDA74}.Debug|Any CPU.ActiveCfg = Debug|Any CPU
		{05BF2E03-8CDB-4AA1-815A-C44CCFDDDA74}.Debug|Any CPU.Build.0 = Debug|Any CPU
		{05BF2E03-8CDB-4AA1-815A-C44CCFDDDA74}.Release|Any CPU.ActiveCfg = Release|Any CPU
		{05BF2E03-8CDB-4AA1-815A-C44CCFDDDA74}.Release|Any CPU.Build.0 = Release|Any CPU
		{BFE2FB25-C0CD-451C-A081-40C3A38C66BC}.Debug|Any CPU.ActiveCfg = Debug|Any CPU
		{BFE2FB25-C0CD-451C-A081-40C3A38C66BC}.Debug|Any CPU.Build.0 = Debug|Any CPU
		{BFE2FB25-C0CD-451C-A081-40C3A38C66BC}.Release|Any CPU.ActiveCfg = Release|Any CPU
		{BFE2FB25-C0CD-451C-A081-40C3A38C66BC}.Release|Any CPU.Build.0 = Release|Any CPU
		{E14F8D2A-DA5B-4D42-92CB-17E680193634}.Debug|Any CPU.ActiveCfg = Debug|Any CPU
		{E14F8D2A-DA5B-4D42-92CB-17E680193634}.Debug|Any CPU.Build.0 = Debug|Any CPU
		{E14F8D2A-DA5B-4D42-92CB-17E680193634}.Release|Any CPU.ActiveCfg = Release|Any CPU
		{E14F8D2A-DA5B-4D42-92CB-17E680193634}.Release|Any CPU.Build.0 = Release|Any CPU
		{FEDF8726-7CFA-4264-BF6F-AFED93EF3DE7}.Debug|Any CPU.ActiveCfg = Debug|Any CPU
		{FEDF8726-7CFA-4264-BF6F-AFED93EF3DE7}.Debug|Any CPU.Build.0 = Debug|Any CPU
		{FEDF8726-7CFA-4264-BF6F-AFED93EF3DE7}.Release|Any CPU.ActiveCfg = Release|Any CPU
		{FEDF8726-7CFA-4264-BF6F-AFED93EF3DE7}.Release|Any CPU.Build.0 = Release|Any CPU
		{FBBFEA64-A912-4AD7-91D8-B9F6FC1CD609}.Debug|Any CPU.ActiveCfg = Debug|Any CPU
		{FBBFEA64-A912-4AD7-91D8-B9F6FC1CD609}.Debug|Any CPU.Build.0 = Debug|Any CPU
		{FBBFEA64-A912-4AD7-91D8-B9F6FC1CD609}.Release|Any CPU.ActiveCfg = Release|Any CPU
		{FBBFEA64-A912-4AD7-91D8-B9F6FC1CD609}.Release|Any CPU.Build.0 = Release|Any CPU
		{BDE3E629-197C-40FF-95E2-FE1A5353D8AF}.Debug|Any CPU.ActiveCfg = Debug|Any CPU
		{BDE3E629-197C-40FF-95E2-FE1A5353D8AF}.Debug|Any CPU.Build.0 = Debug|Any CPU
		{BDE3E629-197C-40FF-95E2-FE1A5353D8AF}.Release|Any CPU.ActiveCfg = Release|Any CPU
		{BDE3E629-197C-40FF-95E2-FE1A5353D8AF}.Release|Any CPU.Build.0 = Release|Any CPU
		{A43F9741-3150-48EE-B19C-751593ED13E9}.Debug|Any CPU.ActiveCfg = Debug|Any CPU
		{A43F9741-3150-48EE-B19C-751593ED13E9}.Debug|Any CPU.Build.0 = Debug|Any CPU
		{A43F9741-3150-48EE-B19C-751593ED13E9}.Release|Any CPU.ActiveCfg = Release|Any CPU
		{A43F9741-3150-48EE-B19C-751593ED13E9}.Release|Any CPU.Build.0 = Release|Any CPU
		{5CC179C8-CF19-40BF-90B8-C76C7CDDC54F}.Debug|Any CPU.ActiveCfg = Debug|Any CPU
		{5CC179C8-CF19-40BF-90B8-C76C7CDDC54F}.Debug|Any CPU.Build.0 = Debug|Any CPU
		{5CC179C8-CF19-40BF-90B8-C76C7CDDC54F}.Release|Any CPU.ActiveCfg = Release|Any CPU
		{5CC179C8-CF19-40BF-90B8-C76C7CDDC54F}.Release|Any CPU.Build.0 = Release|Any CPU
		{A579C829-B9FC-43BC-9F22-F978D0A797BE}.Debug|Any CPU.ActiveCfg = Debug|Any CPU
		{A579C829-B9FC-43BC-9F22-F978D0A797BE}.Debug|Any CPU.Build.0 = Debug|Any CPU
		{A579C829-B9FC-43BC-9F22-F978D0A797BE}.Release|Any CPU.ActiveCfg = Release|Any CPU
		{A579C829-B9FC-43BC-9F22-F978D0A797BE}.Release|Any CPU.Build.0 = Release|Any CPU
	EndGlobalSection
	GlobalSection(SolutionProperties) = preSolution
		HideSolutionNode = FALSE
	EndGlobalSection
	GlobalSection(NestedProjects) = preSolution
		{89EE88BB-B23F-43C3-B4EF-38CB066DA697} = {DD560550-8DF5-41E1-99AF-724EABD96778}
		{6A5EE6EA-EB17-459E-9C1E-57814A06AACC} = {89EE88BB-B23F-43C3-B4EF-38CB066DA697}
		{CFE0484B-A2DF-43AC-B355-F36E1D9D6AB6} = {89EE88BB-B23F-43C3-B4EF-38CB066DA697}
		{BB289CC0-BEA3-43F0-BE63-598F73ACDFB8} = {89EE88BB-B23F-43C3-B4EF-38CB066DA697}
		{33586593-67F3-4608-A839-2DB45249D26E} = {DD560550-8DF5-41E1-99AF-724EABD96778}
		{A9407E2C-A144-409E-B96B-46A49852C9FA} = {33586593-67F3-4608-A839-2DB45249D26E}
		{4FA8B3F7-6AE3-45BE-AB68-5C81D126A4FD} = {89EE88BB-B23F-43C3-B4EF-38CB066DA697}
		{6BF339E4-951C-4533-BF08-89E605A5D2F2} = {89EE88BB-B23F-43C3-B4EF-38CB066DA697}
		{05BF2E03-8CDB-4AA1-815A-C44CCFDDDA74} = {89EE88BB-B23F-43C3-B4EF-38CB066DA697}
		{BFE2FB25-C0CD-451C-A081-40C3A38C66BC} = {89EE88BB-B23F-43C3-B4EF-38CB066DA697}
		{CC2CAD65-F191-44DD-94D3-278757C3735E} = {DD560550-8DF5-41E1-99AF-724EABD96778}
		{E14F8D2A-DA5B-4D42-92CB-17E680193634} = {CC2CAD65-F191-44DD-94D3-278757C3735E}
		{FEDF8726-7CFA-4264-BF6F-AFED93EF3DE7} = {CC2CAD65-F191-44DD-94D3-278757C3735E}
		{FBBFEA64-A912-4AD7-91D8-B9F6FC1CD609} = {CC2CAD65-F191-44DD-94D3-278757C3735E}
		{BDE3E629-197C-40FF-95E2-FE1A5353D8AF} = {CC2CAD65-F191-44DD-94D3-278757C3735E}
		{A43F9741-3150-48EE-B19C-751593ED13E9} = {CC2CAD65-F191-44DD-94D3-278757C3735E}
		{5CC179C8-CF19-40BF-90B8-C76C7CDDC54F} = {89EE88BB-B23F-43C3-B4EF-38CB066DA697}
		{A579C829-B9FC-43BC-9F22-F978D0A797BE} = {89EE88BB-B23F-43C3-B4EF-38CB066DA697}
	EndGlobalSection
	GlobalSection(ExtensibilityGlobals) = postSolution
		SolutionGuid = {581A1B73-F703-473A-B113-4DA0E77DC85D}
	EndGlobalSection
EndGlobal
